
Microsoft Visual Studio Solution File, Format Version 12.00
# Visual Studio Version 17
VisualStudioVersion = 17.8.34525.116
MinimumVisualStudioVersion = 10.0.40219.1
Project("{9A19103F-16F7-4668-BE54-9A1E7A4F7556}") = "HealthGym", "HealthGym.csproj", "{DCEEE584-79E1-4F0B-94E3-C11D98A0CB4C}"
EndProject
Project("{2150E333-8FDC-42A3-9474-1A3956D46DE8}") = "CapaDatos", "CapaDatos", "{5870C8E9-AE92-4F75-B3E8-C0A59184106B}"
	ProjectSection(SolutionItems) = preProject
		DatMiembro.cs = DatMiembro.cs
	EndProjectSection
EndProject
Project("{2150E333-8FDC-42A3-9474-1A3956D46DE8}") = "CapaEntidad", "CapaEntidad", "{9173C19F-B1E2-48CF-AC3B-6CA6889AFBFE}"
	ProjectSection(SolutionItems) = preProject
		EntMiembro.cs = EntMiembro.cs
		EntTrabajador.cs = EntTrabajador.cs
	EndProjectSection
EndProject
Project("{2150E333-8FDC-42A3-9474-1A3956D46DE8}") = "CapaLogica", "CapaLogica", "{A7B4CFFB-42FD-4891-AF83-40FDB930C88C}"
	ProjectSection(SolutionItems) = preProject
		LogMiembro.cs = LogMiembro.cs
	EndProjectSection
EndProject
Project("{2150E333-8FDC-42A3-9474-1A3956D46DE8}") = "Utilidades", "Utilidades", "{731D87B5-8A83-4E3F-A907-BBDEC8F5B8EF}"
	ProjectSection(SolutionItems) = preProject
		Conexion.cs = Conexion.cs
	EndProjectSection
EndProject
Global
	GlobalSection(SolutionConfigurationPlatforms) = preSolution
		Debug|Any CPU = Debug|Any CPU
		Release|Any CPU = Release|Any CPU
	EndGlobalSection
	GlobalSection(ProjectConfigurationPlatforms) = postSolution
		{DCEEE584-79E1-4F0B-94E3-C11D98A0CB4C}.Debug|Any CPU.ActiveCfg = Debug|Any CPU
		{DCEEE584-79E1-4F0B-94E3-C11D98A0CB4C}.Debug|Any CPU.Build.0 = Debug|Any CPU
		{DCEEE584-79E1-4F0B-94E3-C11D98A0CB4C}.Release|Any CPU.ActiveCfg = Release|Any CPU
		{DCEEE584-79E1-4F0B-94E3-C11D98A0CB4C}.Release|Any CPU.Build.0 = Release|Any CPU
	EndGlobalSection
	GlobalSection(SolutionProperties) = preSolution
		HideSolutionNode = FALSE
	EndGlobalSection
	GlobalSection(ExtensibilityGlobals) = postSolution
		SolutionGuid = {C9D24F02-5622-48EF-A4DE-68A5965D9562}
	EndGlobalSection
EndGlobal
